Microsoft Visual Studio Solution File, Format Version 12.00
# Visual Studio Version 17
VisualStudioVersion = 17.5.2.0
MinimumVisualStudioVersion = 10.0.40219.1
Project("{FAE04EC0-301F-11D3-BF4B-00C04F79EFBC}") = "gencol", "gencol.csproj", "{8114F5CE-AEC2-73E8-A76F-1C04CB09FCB7}"
EndProject
Global
	GlobalSection(SolutionConfigurationPlatforms) = preSolution
		Debug|Any CPU = Debug|Any CPU
		Release|Any CPU = Release|Any CPU
	EndGlobalSection
	GlobalSection(ProjectConfigurationPlatforms) = postSolution
		{8114F5CE-AEC2-73E8-A76F-1C04CB09FCB7}.Debug|Any CPU.ActiveCfg = Debug|Any CPU
		{8114F5CE-AEC2-73E8-A76F-1C04CB09FCB7}.Debug|Any CPU.Build.0 = Debug|Any CPU
		{8114F5CE-AEC2-73E8-A76F-1C04CB09FCB7}.Release|Any CPU.ActiveCfg = Release|Any CPU
		{8114F5CE-AEC2-73E8-A76F-1C04CB09FCB7}.Release|Any CPU.Build.0 = Release|Any CPU
	EndGlobalSection
	GlobalSection(SolutionProperties) = preSolution
		HideSolutionNode = FALSE
	EndGlobalSection
	GlobalSection(ExtensibilityGlobals) = postSolution
		SolutionGuid = {D0A68651-6312-4D38-AB8C-E24B326F2A36}
	EndGlobalSection
EndGlobal
